
Microsoft Visual Studio Solution File, Format Version 12.00
Project("{FAE04EC0-301F-11D3-BF4B-00C04F79EFBC}") = "SourceGenerator", "SourceGenerator\SourceGenerator.csproj", "{A0352E7E-F661-4A38-99FA-2CA70C1343FF}"
EndProject
Project("{FAE04EC0-301F-11D3-BF4B-00C04F79EFBC}") = "ConsoleApp1", "ConsoleApp1\ConsoleApp1.csproj", "{1C69F315-6735-43BD-B554-68730798C247}"
EndProject
Global
	GlobalSection(SolutionConfigurationPlatforms) = preSolution
		Debug|Any CPU = Debug|Any CPU
		Release|Any CPU = Release|Any CPU
	EndGlobalSection
	GlobalSection(ProjectConfigurationPlatforms) = postSolution
		{A0352E7E-F661-4A38-99FA-2CA70C1343FF}.Debug|Any CPU.ActiveCfg = Debug|Any CPU
		{A0352E7E-F661-4A38-99FA-2CA70C1343FF}.Debug|Any CPU.Build.0 = Debug|Any CPU
		{A0352E7E-F661-4A38-99FA-2CA70C1343FF}.Release|Any CPU.ActiveCfg = Release|Any CPU
		{A0352E7E-F661-4A38-99FA-2CA70C1343FF}.Release|Any CPU.Build.0 = Release|Any CPU
		{1C69F315-6735-43BD-B554-68730798C247}.Debug|Any CPU.ActiveCfg = Debug|Any CPU
		{1C69F315-6735-43BD-B554-68730798C247}.Debug|Any CPU.Build.0 = Debug|Any CPU
		{1C69F315-6735-43BD-B554-68730798C247}.Release|Any CPU.ActiveCfg = Release|Any CPU
		{1C69F315-6735-43BD-B554-68730798C247}.Release|Any CPU.Build.0 = Release|Any CPU
	EndGlobalSection
EndGlobal
